
Microsoft Visual Studio Solution File, Format Version 12.00
# Visual Studio Version 16
VisualStudioVersion = 16.0.31729.503
MinimumVisualStudioVersion = 10.0.40219.1
Project("{F2A71F9B-5D33-465A-A702-920D77279786}") = "Ghosts and Gravestones", "Ghosts and Gravestones\Ghosts and Gravestones.fsproj", "{129AC87E-8210-44D3-8164-DFA7A6F98007}"
EndProject
Global
	GlobalSection(SolutionConfigurationPlatforms) = preSolution
		Debug|Any CPU = Debug|Any CPU
		Release|Any CPU = Release|Any CPU
	EndGlobalSection
	GlobalSection(ProjectConfigurationPlatforms) = postSolution
		{129AC87E-8210-44D3-8164-DFA7A6F98007}.Debug|Any CPU.ActiveCfg = Debug|Any CPU
		{129AC87E-8210-44D3-8164-DFA7A6F98007}.Debug|Any CPU.Build.0 = Debug|Any CPU
		{129AC87E-8210-44D3-8164-DFA7A6F98007}.Release|Any CPU.ActiveCfg = Release|Any CPU
		{129AC87E-8210-44D3-8164-DFA7A6F98007}.Release|Any CPU.Build.0 = Release|Any CPU
	EndGlobalSection
	GlobalSection(SolutionProperties) = preSolution
		HideSolutionNode = FALSE
	EndGlobalSection
	GlobalSection(ExtensibilityGlobals) = postSolution
		SolutionGuid = {6DA51A9C-DA4F-487C-AAAB-277A77134B71}
	EndGlobalSection
EndGlobal
